
Microsoft Visual Studio Solution File, Format Version 12.00
# Visual Studio Version 17
VisualStudioVersion = 17.10.34928.147
MinimumVisualStudioVersion = 10.0.40219.1
Project("{9A19103F-16F7-4668-BE54-9A1E7A4F7556}") = "caasWebApp", "caasWebApp\caasWebApp.csproj", "{1AEED3BD-87EA-49F4-B98A-004876E0A78A}"
EndProject
Global
	GlobalSection(SolutionConfigurationPlatforms) = preSolution
		Debug|Any CPU = Debug|Any CPU
		Release|Any CPU = Release|Any CPU
	EndGlobalSection
	GlobalSection(ProjectConfigurationPlatforms) = postSolution
		{1AEED3BD-87EA-49F4-B98A-004876E0A78A}.Debug|Any CPU.ActiveCfg = Debug|Any CPU
		{1AEED3BD-87EA-49F4-B98A-004876E0A78A}.Debug|Any CPU.Build.0 = Debug|Any CPU
		{1AEED3BD-87EA-49F4-B98A-004876E0A78A}.Release|Any CPU.ActiveCfg = Release|Any CPU
		{1AEED3BD-87EA-49F4-B98A-004876E0A78A}.Release|Any CPU.Build.0 = Release|Any CPU
	EndGlobalSection
	GlobalSection(SolutionProperties) = preSolution
		HideSolutionNode = FALSE
	EndGlobalSection
	GlobalSection(ExtensibilityGlobals) = postSolution
		SolutionGuid = {F2765F5F-3987-485F-9E9C-15453CBBB916}
	EndGlobalSection
EndGlobal
